Microsoft Visual Studio Solution File, Format Version 12.00
# Visual Studio Version 17
VisualStudioVersion = 17.0.31903.59
MinimumVisualStudioVersion = 10.0.40219.1
Project("{FAE04EC0-301F-11D3-BF4B-00C04F79EFBC}") = "OidcProvider", "src\OidcProvider\OidcProvider.csproj", "{8A6A1C4D-D7BC-4F84-A2E2-AE438092468F}"
EndProject
Project("{FAE04EC0-301F-11D3-BF4B-00C04F79EFBC}") = "OidcProvider.Tests", "tests\OidcProvider.Tests\OidcProvider.Tests.csproj", "{18E7825A-1ADC-4E16-B442-D522C5E2F6F0}"
EndProject
Global
	GlobalSection(SolutionConfigurationPlatforms) = preSolution
		Debug|Any CPU = Debug|Any CPU
		Release|Any CPU = Release|Any CPU
	EndGlobalSection
	GlobalSection(ProjectConfigurationPlatforms) = postSolution
		{8A6A1C4D-D7BC-4F84-A2E2-AE438092468F}.Debug|Any CPU.ActiveCfg = Debug|Any CPU
		{8A6A1C4D-D7BC-4F84-A2E2-AE438092468F}.Debug|Any CPU.Build.0 = Debug|Any CPU
		{8A6A1C4D-D7BC-4F84-A2E2-AE438092468F}.Release|Any CPU.ActiveCfg = Release|Any CPU
		{8A6A1C4D-D7BC-4F84-A2E2-AE438092468F}.Release|Any CPU.Build.0 = Release|Any CPU
		{18E7825A-1ADC-4E16-B442-D522C5E2F6F0}.Debug|Any CPU.ActiveCfg = Debug|Any CPU
		{18E7825A-1ADC-4E16-B442-D522C5E2F6F0}.Debug|Any CPU.Build.0 = Debug|Any CPU
		{18E7825A-1ADC-4E16-B442-D522C5E2F6F0}.Release|Any CPU.ActiveCfg = Release|Any CPU
		{18E7825A-1ADC-4E16-B442-D522C5E2F6F0}.Release|Any CPU.Build.0 = Release|Any CPU
	EndGlobalSection
	GlobalSection(SolutionProperties) = preSolution
		HideSolutionNode = FALSE
	EndGlobalSection
	GlobalSection(ExtensibilityGlobals) = postSolution
		SolutionGuid = {C64C670C-43D1-4B8C-A1A7-0545A2CDAF5E}
	EndGlobalSection
EndGlobal
